
Microsoft Visual Studio Solution File, Format Version 12.00
# Visual Studio Version 17
VisualStudioVersion = 17.13.35919.96 d17.13
MinimumVisualStudioVersion = 10.0.40219.1
Project("{FAE04EC0-301F-11D3-BF4B-00C04F79EFBC}") = "Tomato", "Tomato\Tomato.csproj", "{A8FB2569-90F3-4769-A6E2-19C3A931201B}"
EndProject
Global
	GlobalSection(SolutionConfigurationPlatforms) = preSolution
		Debug|Any CPU = Debug|Any CPU
		Release|Any CPU = Release|Any CPU
	EndGlobalSection
	GlobalSection(ProjectConfigurationPlatforms) = postSolution
		{A8FB2569-90F3-4769-A6E2-19C3A931201B}.Debug|Any CPU.ActiveCfg = Debug|Any CPU
		{A8FB2569-90F3-4769-A6E2-19C3A931201B}.Debug|Any CPU.Build.0 = Debug|Any CPU
		{A8FB2569-90F3-4769-A6E2-19C3A931201B}.Release|Any CPU.ActiveCfg = Release|Any CPU
		{A8FB2569-90F3-4769-A6E2-19C3A931201B}.Release|Any CPU.Build.0 = Release|Any CPU
	EndGlobalSection
	GlobalSection(SolutionProperties) = preSolution
		HideSolutionNode = FALSE
	EndGlobalSection
	GlobalSection(ExtensibilityGlobals) = postSolution
		SolutionGuid = {E65E08AF-1905-43A3-AD57-E0C429C0CA95}
	EndGlobalSection
EndGlobal
